
Microsoft Visual Studio Solution File, Format Version 12.00
# Visual Studio Version 17
VisualStudioVersion = 17.9.34728.123
MinimumVisualStudioVersion = 10.0.40219.1
Project("{FAE04EC0-301F-11D3-BF4B-00C04F79EFBC}") = "CoreWebApplication", "CoreWebApplication\CoreWebApplication.csproj", "{271F4B9D-75F3-420C-84A3-75651A3B664C}"
EndProject
Global
	GlobalSection(SolutionConfigurationPlatforms) = preSolution
		Debug|Any CPU = Debug|Any CPU
		Release|Any CPU = Release|Any CPU
	EndGlobalSection
	GlobalSection(ProjectConfigurationPlatforms) = postSolution
		{271F4B9D-75F3-420C-84A3-75651A3B664C}.Debug|Any CPU.ActiveCfg = Debug|Any CPU
		{271F4B9D-75F3-420C-84A3-75651A3B664C}.Debug|Any CPU.Build.0 = Debug|Any CPU
		{271F4B9D-75F3-420C-84A3-75651A3B664C}.Release|Any CPU.ActiveCfg = Release|Any CPU
		{271F4B9D-75F3-420C-84A3-75651A3B664C}.Release|Any CPU.Build.0 = Release|Any CPU
	EndGlobalSection
	GlobalSection(SolutionProperties) = preSolution
		HideSolutionNode = FALSE
	EndGlobalSection
	GlobalSection(ExtensibilityGlobals) = postSolution
		SolutionGuid = {F338BEB8-6B39-4DC7-9986-9DC31866DBF2}
	EndGlobalSection
EndGlobal
